
Microsoft Visual Studio Solution File, Format Version 12.00
# Visual Studio Version 17
VisualStudioVersion = 17.4.33205.214
MinimumVisualStudioVersion = 10.0.40219.1
Project("{FAE04EC0-301F-11D3-BF4B-00C04F79EFBC}") = "UtilityDelta.TestClassTester", "UtilityDelta.TestClassTester\UtilityDelta.TestClassTester.csproj", "{48E0280C-3F75-4941-B3FB-F65C448A0A12}"
EndProject
Global
	GlobalSection(SolutionConfigurationPlatforms) = preSolution
		Debug|Any CPU = Debug|Any CPU
		Release|Any CPU = Release|Any CPU
	EndGlobalSection
	GlobalSection(ProjectConfigurationPlatforms) = postSolution
		{48E0280C-3F75-4941-B3FB-F65C448A0A12}.Debug|Any CPU.ActiveCfg = Debug|Any CPU
		{48E0280C-3F75-4941-B3FB-F65C448A0A12}.Debug|Any CPU.Build.0 = Debug|Any CPU
		{48E0280C-3F75-4941-B3FB-F65C448A0A12}.Release|Any CPU.ActiveCfg = Release|Any CPU
		{48E0280C-3F75-4941-B3FB-F65C448A0A12}.Release|Any CPU.Build.0 = Release|Any CPU
	EndGlobalSection
	GlobalSection(SolutionProperties) = preSolution
		HideSolutionNode = FALSE
	EndGlobalSection
	GlobalSection(ExtensibilityGlobals) = postSolution
		SolutionGuid = {DF7A5EB7-67A9-422B-80D9-6F4670E6E45A}
	EndGlobalSection
EndGlobal
